{
  "lockfileVersion": 1,
  "configVersion": 1,
  "workspaces": {
    "": {
      "name": "alligo",
      "dependencies": {
        "stripe": "^20.4.1",
      },
    },
  },
  "packages": {
    "stripe": ["stripe@20.4.1", "", { "peerDependencies": { "@types/node": ">=16" }, "optionalPeers": ["@types/node"] }, "sha512-axCguHItc8Sxt0HC6aSkdVRPffjYPV7EQqZRb2GkIa8FzWDycE7nHJM19C6xAIynH1Qp1/BHiopSi96jGBxT0w=="],
  }
}
